
Microsoft Visual Studio Solution File, Format Version 12.00
# Visual Studio Version 17
VisualStudioVersion = 17.9.34902.65
MinimumVisualStudioVersion = 10.0.40219.1
Project("{FAE04EC0-301F-11D3-BF4B-00C04F79EFBC}") = "division", "programas basicos\division.csproj", "{6DA17A09-8842-4E9B-8F39-6A8258EDC344}"
EndProject
Project("{FAE04EC0-301F-11D3-BF4B-00C04F79EFBC}") = "multiplicacion", "multiplicacion\multiplicacion.csproj", "{7949E61D-CF80-4AA8-BB05-3FABF17D1DEB}"
EndProject
Project("{FAE04EC0-301F-11D3-BF4B-00C04F79EFBC}") = "formula general", "formula general\formula general.csproj", "{0D96D13B-210C-4258-AF66-BD0F80447D4B}"
EndProject
Project("{FAE04EC0-301F-11D3-BF4B-00C04F79EFBC}") = "NumerosPrimos", "NumerosPrimos\NumerosPrimos.csproj", "{19DC01C4-B602-4926-950D-E32975E8DC7C}"
EndProject
Project("{FAE04EC0-301F-11D3-BF4B-00C04F79EFBC}") = "NumerosImpar", "NumerosImpar\NumerosImpar.csproj", "{158D3464-AAB7-48E4-82CB-34BCA0CB2C11}"
EndProject
Project("{FAE04EC0-301F-11D3-BF4B-00C04F79EFBC}") = "Fibonacci", "Fibonacci\Fibonacci.csproj", "{498FD0C8-9A87-41DE-AD7E-4D82724F12A4}"
EndProject
Project("{FAE04EC0-301F-11D3-BF4B-00C04F79EFBC}") = "numeros desordenados", "numeros desordenados\numeros desordenados.csproj", "{20792B0D-39AB-447D-AFD6-55AAE4949683}"
EndProject
Project("{FAE04EC0-301F-11D3-BF4B-00C04F79EFBC}") = "calculadora", "calculadora\calculadora.csproj", "{453A99DF-454F-416C-A12C-1B1BDE264DC5}"
EndProject
Global
	GlobalSection(SolutionConfigurationPlatforms) = preSolution
		Debug|Any CPU = Debug|Any CPU
		Release|Any CPU = Release|Any CPU
	EndGlobalSection
	GlobalSection(ProjectConfigurationPlatforms) = postSolution
		{6DA17A09-8842-4E9B-8F39-6A8258EDC344}.Debug|Any CPU.ActiveCfg = Debug|Any CPU
		{6DA17A09-8842-4E9B-8F39-6A8258EDC344}.Debug|Any CPU.Build.0 = Debug|Any CPU
		{6DA17A09-8842-4E9B-8F39-6A8258EDC344}.Release|Any CPU.ActiveCfg = Release|Any CPU
		{6DA17A09-8842-4E9B-8F39-6A8258EDC344}.Release|Any CPU.Build.0 = Release|Any CPU
		{7949E61D-CF80-4AA8-BB05-3FABF17D1DEB}.Debug|Any CPU.ActiveCfg = Debug|Any CPU
		{7949E61D-CF80-4AA8-BB05-3FABF17D1DEB}.Debug|Any CPU.Build.0 = Debug|Any CPU
		{7949E61D-CF80-4AA8-BB05-3FABF17D1DEB}.Release|Any CPU.ActiveCfg = Release|Any CPU
		{7949E61D-CF80-4AA8-BB05-3FABF17D1DEB}.Release|Any CPU.Build.0 = Release|Any CPU
		{0D96D13B-210C-4258-AF66-BD0F80447D4B}.Debug|Any CPU.ActiveCfg = Debug|Any CPU
		{0D96D13B-210C-4258-AF66-BD0F80447D4B}.Debug|Any CPU.Build.0 = Debug|Any CPU
		{0D96D13B-210C-4258-AF66-BD0F80447D4B}.Release|Any CPU.ActiveCfg = Release|Any CPU
		{0D96D13B-210C-4258-AF66-BD0F80447D4B}.Release|Any CPU.Build.0 = Release|Any CPU
		{19DC01C4-B602-4926-950D-E32975E8DC7C}.Debug|Any CPU.ActiveCfg = Debug|Any CPU
		{19DC01C4-B602-4926-950D-E32975E8DC7C}.Debug|Any CPU.Build.0 = Debug|Any CPU
		{19DC01C4-B602-4926-950D-E32975E8DC7C}.Release|Any CPU.ActiveCfg = Release|Any CPU
		{19DC01C4-B602-4926-950D-E32975E8DC7C}.Release|Any CPU.Build.0 = Release|Any CPU
		{158D3464-AAB7-48E4-82CB-34BCA0CB2C11}.Debug|Any CPU.ActiveCfg = Debug|Any CPU
		{158D3464-AAB7-48E4-82CB-34BCA0CB2C11}.Debug|Any CPU.Build.0 = Debug|Any CPU
		{158D3464-AAB7-48E4-82CB-34BCA0CB2C11}.Release|Any CPU.ActiveCfg = Release|Any CPU
		{158D3464-AAB7-48E4-82CB-34BCA0CB2C11}.Release|Any CPU.Build.0 = Release|Any CPU
		{498FD0C8-9A87-41DE-AD7E-4D82724F12A4}.Debug|Any CPU.ActiveCfg = Debug|Any CPU
		{498FD0C8-9A87-41DE-AD7E-4D82724F12A4}.Debug|Any CPU.Build.0 = Debug|Any CPU
		{498FD0C8-9A87-41DE-AD7E-4D82724F12A4}.Release|Any CPU.ActiveCfg = Release|Any CPU
		{498FD0C8-9A87-41DE-AD7E-4D82724F12A4}.Release|Any CPU.Build.0 = Release|Any CPU
		{20792B0D-39AB-447D-AFD6-55AAE4949683}.Debug|Any CPU.ActiveCfg = Debug|Any CPU
		{20792B0D-39AB-447D-AFD6-55AAE4949683}.Debug|Any CPU.Build.0 = Debug|Any CPU
		{20792B0D-39AB-447D-AFD6-55AAE4949683}.Release|Any CPU.ActiveCfg = Release|Any CPU
		{20792B0D-39AB-447D-AFD6-55AAE4949683}.Release|Any CPU.Build.0 = Release|Any CPU
		{453A99DF-454F-416C-A12C-1B1BDE264DC5}.Debug|Any CPU.ActiveCfg = Debug|Any CPU
		{453A99DF-454F-416C-A12C-1B1BDE264DC5}.Debug|Any CPU.Build.0 = Debug|Any CPU
		{453A99DF-454F-416C-A12C-1B1BDE264DC5}.Release|Any CPU.ActiveCfg = Release|Any CPU
		{453A99DF-454F-416C-A12C-1B1BDE264DC5}.Release|Any CPU.Build.0 = Release|Any CPU
	EndGlobalSection
	GlobalSection(SolutionProperties) = preSolution
		HideSolutionNode = FALSE
	EndGlobalSection
	GlobalSection(ExtensibilityGlobals) = postSolution
		SolutionGuid = {C401E98F-2023-4B29-9274-DFFBFA3D6C78}
	EndGlobalSection
EndGlobal
