
Microsoft Visual Studio Solution File, Format Version 12.00
# Visual Studio Version 17
VisualStudioVersion = 17.9.34902.65
MinimumVisualStudioVersion = 10.0.40219.1
Project("{FAE04EC0-301F-11D3-BF4B-00C04F79EFBC}") = "division", "programas basicos\division.csproj", "{6DA17A09-8842-4E9B-8F39-6A8258EDC344}"
EndProject
Global
	GlobalSection(SolutionConfigurationPlatforms) = preSolution
		Debug|Any CPU = Debug|Any CPU
		Release|Any CPU = Release|Any CPU
	EndGlobalSection
	GlobalSection(ProjectConfigurationPlatforms) = postSolution
		{6DA17A09-8842-4E9B-8F39-6A8258EDC344}.Debug|Any CPU.ActiveCfg = Debug|Any CPU
		{6DA17A09-8842-4E9B-8F39-6A8258EDC344}.Debug|Any CPU.Build.0 = Debug|Any CPU
		{6DA17A09-8842-4E9B-8F39-6A8258EDC344}.Release|Any CPU.ActiveCfg = Release|Any CPU
		{6DA17A09-8842-4E9B-8F39-6A8258EDC344}.Release|Any CPU.Build.0 = Release|Any CPU
	EndGlobalSection
	GlobalSection(SolutionProperties) = preSolution
		HideSolutionNode = FALSE
	EndGlobalSection
	GlobalSection(ExtensibilityGlobals) = postSolution
		SolutionGuid = {C401E98F-2023-4B29-9274-DFFBFA3D6C78}
	EndGlobalSection
EndGlobal
